{
  "version": 4,
  "terraform_version": "1.14.3",
  "serial": 10,
  "lineage": "87663453-96ef-2f89-9058-69a39d5292e3",
  "outputs": {},
  "resources": [
    {
      "mode": "managed",
      "type": "alteon_real_server",
      "name": "real_server_101102",
      "provider": "provider[\"registry.terraform.io/radware/alteon\"]",
      "instances": [
        {
          "schema_version": 0,
          "attributes": {
            "elements": [
              {
                "addportsegress": 0,
                "addportsingress": 0,
                "addurl": 0,
                "cookie": 0,
                "copy": "",
                "deletestatus": 0,
                "egressif": 0,
                "excludestr": 0,
                "failretry": 0,
                "idsport": 0,
                "ingport": 0,
                "ingressif": 0,
                "ipaddr": "192.168.101.102",
                "ipv6addr": "",
                "ipver": 1,
                "llbtype": 0,
                "maxconns": 0,
                "name": "",
                "nxtbuddyidx": 0,
                "nxtrportidx": 0,
                "pinginterval": 0,
                "portsegress": "",
                "portsingress": "",
                "remportsegress": 0,
                "remportsingress": 0,
                "remurl": 0,
                "secdeviceflag": 0,
                "sectype": 0,
                "state": 2,
                "submac": 0,
                "succretry": 0,
                "timeout": 0,
                "type": 0,
                "vlanegress": 0,
                "vlaningress": 0,
                "weight": 0
              }
            ],
            "elements_2": [],
            "elements_3": [],
            "id": "101102",
            "index": "101102",
            "last_updated": "2026-06-15T09:05:17Z"
          },
          "sensitive_attributes": [],
          "identity_schema_version": 0,
          "private": "bnVsbA=="
        }
      ]
    },
    {
      "mode": "managed",
      "type": "alteon_real_server",
      "name": "real_server_101102_a",
      "provider": "provider[\"registry.terraform.io/radware/alteon\"]",
      "instances": [
        {
          "schema_version": 0,
          "attributes": {
            "elements": [
              {
                "addportsegress": 0,
                "addportsingress": 0,
                "addurl": 0,
                "cookie": 0,
                "copy": "",
                "deletestatus": 0,
                "egressif": 0,
                "excludestr": 0,
                "failretry": 0,
                "idsport": 0,
                "ingport": 0,
                "ingressif": 0,
                "ipaddr": "192.168.101.102",
                "ipv6addr": "",
                "ipver": 1,
                "llbtype": 0,
                "maxconns": 0,
                "name": "",
                "nxtbuddyidx": 0,
                "nxtrportidx": 0,
                "pinginterval": 0,
                "portsegress": "",
                "portsingress": "",
                "remportsegress": 0,
                "remportsingress": 0,
                "remurl": 0,
                "secdeviceflag": 0,
                "sectype": 0,
                "state": 2,
                "submac": 0,
                "succretry": 0,
                "timeout": 0,
                "type": 0,
                "vlanegress": 0,
                "vlaningress": 0,
                "weight": 0
              }
            ],
            "elements_2": [],
            "elements_3": [],
            "id": "101102-a",
            "index": "101102-a",
            "last_updated": "2026-06-15T09:05:17Z"
          },
          "sensitive_attributes": [],
          "identity_schema_version": 0,
          "private": "bnVsbA=="
        }
      ]
    },
    {
      "mode": "managed",
      "type": "alteon_real_server",
      "name": "real_server_101102_b",
      "provider": "provider[\"registry.terraform.io/radware/alteon\"]",
      "instances": [
        {
          "schema_version": 0,
          "attributes": {
            "elements": [
              {
                "addportsegress": 0,
                "addportsingress": 0,
                "addurl": 0,
                "cookie": 0,
                "copy": "",
                "deletestatus": 0,
                "egressif": 0,
                "excludestr": 0,
                "failretry": 0,
                "idsport": 0,
                "ingport": 0,
                "ingressif": 0,
                "ipaddr": "192.168.101.102",
                "ipv6addr": "",
                "ipver": 1,
                "llbtype": 0,
                "maxconns": 0,
                "name": "",
                "nxtbuddyidx": 0,
                "nxtrportidx": 0,
                "pinginterval": 0,
                "portsegress": "",
                "portsingress": "",
                "remportsegress": 0,
                "remportsingress": 0,
                "remurl": 0,
                "secdeviceflag": 0,
                "sectype": 0,
                "state": 2,
                "submac": 0,
                "succretry": 0,
                "timeout": 0,
                "type": 0,
                "vlanegress": 0,
                "vlaningress": 0,
                "weight": 0
              }
            ],
            "elements_2": [],
            "elements_3": [],
            "id": "101102-b",
            "index": "101102-b",
            "last_updated": "2026-06-15T09:05:17Z"
          },
          "sensitive_attributes": [],
          "identity_schema_version": 0,
          "private": "bnVsbA=="
        }
      ]
    },
    {
      "mode": "managed",
      "type": "alteon_real_server",
      "name": "real_server_101103",
      "provider": "provider[\"registry.terraform.io/radware/alteon\"]",
      "instances": [
        {
          "schema_version": 0,
          "attributes": {
            "elements": [
              {
                "addportsegress": 0,
                "addportsingress": 0,
                "addurl": 0,
                "cookie": 0,
                "copy": "",
                "deletestatus": 0,
                "egressif": 0,
                "excludestr": 0,
                "failretry": 0,
                "idsport": 0,
                "ingport": 0,
                "ingressif": 0,
                "ipaddr": "192.168.101.103",
                "ipv6addr": "",
                "ipver": 1,
                "llbtype": 0,
                "maxconns": 0,
                "name": "",
                "nxtbuddyidx": 0,
                "nxtrportidx": 0,
                "pinginterval": 0,
                "portsegress": "",
                "portsingress": "",
                "remportsegress": 0,
                "remportsingress": 0,
                "remurl": 0,
                "secdeviceflag": 0,
                "sectype": 0,
                "state": 2,
                "submac": 0,
                "succretry": 0,
                "timeout": 0,
                "type": 0,
                "vlanegress": 0,
                "vlaningress": 0,
                "weight": 0
              }
            ],
            "elements_2": [],
            "elements_3": [],
            "id": "101103",
            "index": "101103",
            "last_updated": "2026-06-15T09:05:17Z"
          },
          "sensitive_attributes": [],
          "identity_schema_version": 0,
          "private": "bnVsbA=="
        }
      ]
    },
    {
      "mode": "managed",
      "type": "alteon_server_group",
      "name": "server_group_1000",
      "provider": "provider[\"registry.terraform.io/radware/alteon\"]",
      "instances": [
        {
          "schema_version": 0,
          "attributes": {
            "backup_group": "",
            "backup_server": "",
            "health_check_layer": "tcp",
            "health_id": "tcp",
            "id": "1000",
            "index": "1000",
            "ip_ver": 1,
            "last_updated": null,
            "metric": "leastconnections",
            "name": "",
            "real_threshold": 0,
            "servers": [
              "101102"
            ],
            "slowstart": 0
          },
          "sensitive_attributes": [],
          "identity_schema_version": 0,
          "private": "eyJzY2hlbWFfdmVyc2lvbiI6IjAifQ=="
        }
      ]
    },
    {
      "mode": "managed",
      "type": "alteon_server_group",
      "name": "server_group_1010",
      "provider": "provider[\"registry.terraform.io/radware/alteon\"]",
      "instances": [
        {
          "schema_version": 0,
          "attributes": {
            "backup_group": "",
            "backup_server": "",
            "health_check_layer": "tcp",
            "health_id": "tcp",
            "id": "1010",
            "index": "1010",
            "ip_ver": 1,
            "last_updated": null,
            "metric": "leastconnections",
            "name": "",
            "real_threshold": 0,
            "servers": [
              "101102-a"
            ],
            "slowstart": 0
          },
          "sensitive_attributes": [],
          "identity_schema_version": 0,
          "private": "eyJzY2hlbWFfdmVyc2lvbiI6IjAifQ=="
        }
      ]
    },
    {
      "mode": "managed",
      "type": "alteon_server_group",
      "name": "server_group_1020",
      "provider": "provider[\"registry.terraform.io/radware/alteon\"]",
      "instances": [
        {
          "schema_version": 0,
          "attributes": {
            "backup_group": "",
            "backup_server": "",
            "health_check_layer": "tcp",
            "health_id": "tcp",
            "id": "1020",
            "index": "1020",
            "ip_ver": 1,
            "last_updated": null,
            "metric": "leastconnections",
            "name": "",
            "real_threshold": 0,
            "servers": [
              "101102-b"
            ],
            "slowstart": 0
          },
          "sensitive_attributes": [],
          "identity_schema_version": 0,
          "private": "eyJzY2hlbWFfdmVyc2lvbiI6IjAifQ=="
        }
      ]
    },
    {
      "mode": "managed",
      "type": "alteon_server_group",
      "name": "server_group_1030",
      "provider": "provider[\"registry.terraform.io/radware/alteon\"]",
      "instances": [
        {
          "schema_version": 0,
          "attributes": {
            "backup_group": "",
            "backup_server": "",
            "health_check_layer": "icmp",
            "health_id": "icmp",
            "id": "1030",
            "index": "1030",
            "ip_ver": 1,
            "last_updated": null,
            "metric": "roundrobin",
            "name": "test_server_group_1030",
            "real_threshold": 0,
            "servers": [
              "101102-a",
              "101103"
            ],
            "slowstart": 0
          },
          "sensitive_attributes": [],
          "identity_schema_version": 0,
          "private": "eyJzY2hlbWFfdmVyc2lvbiI6IjAifQ=="
        }
      ]
    },
    {
      "mode": "managed",
      "type": "alteon_virtual_server",
      "name": "TestVirtualServer1",
      "provider": "provider[\"registry.terraform.io/radware/alteon\"]",
      "instances": [
        {
          "schema_version": 0,
          "attributes": {
            "elements": [
              {
                "virtserveraddrule": 0,
                "virtserveravail": 0,
                "virtserveravailpersist": 0,
                "virtserverbwmcontract": 0,
                "virtservercreationtype": 0,
                "virtservercreset": 0,
                "virtserverdelete": 0,
                "virtserverdname": "",
                "virtserverfreeserviceidx": 0,
                "virtserveripaddress": "10.10.10.10",
                "virtserveripv6addr": "",
                "virtserveripver": 0,
                "virtserverisdnssecvip": 0,
                "virtserverlayer3only": 0,
                "virtservernat": "",
                "virtservernat6": "",
                "virtserverremoverule": 0,
                "virtserverrtsrcmac": 0,
                "virtserverrule": "",
                "virtserversrcnetwork": "",
                "virtserverstate": 2,
                "virtservervname": "VirtualServerVName",
                "virtserverwanlink": "",
                "virtserverweight": 0
              }
            ],
            "id": "Resource Create for Virtual Server",
            "index": "Virt1-1",
            "last_updated": "2026-06-15T09:07:28Z"
          },
          "sensitive_attributes": [],
          "identity_schema_version": 0,
          "private": "bnVsbA=="
        }
      ]
    }
  ],
  "check_results": null
}
