{
  "version": 4,
  "terraform_version": "1.14.3",
  "serial": 14,
  "lineage": "73f95232-eaf6-5056-bd5c-0af92617d222",
  "outputs": {},
  "resources": [
    {
      "mode": "managed",
      "type": "alteon_real_server",
      "name": "real_server_101102",
      "provider": "provider[\"registry.terraform.io/radware/alteon\"]",
      "instances": [
        {
          "schema_version": 0,
          "attributes": {
            "elements": [
              {
                "addportsegress": 0,
                "addportsingress": 0,
                "addurl": 0,
                "cookie": 0,
                "copy": "",
                "deletestatus": 0,
                "egressif": 0,
                "excludestr": 0,
                "failretry": 0,
                "idsport": 0,
                "ingport": 0,
                "ingressif": 0,
                "ipaddr": "192.168.101.102",
                "ipv6addr": "",
                "ipver": 4,
                "llbtype": 0,
                "maxconns": 0,
                "name": "",
                "nxtbuddyidx": 0,
                "nxtrportidx": 0,
                "pinginterval": 0,
                "portsegress": "",
                "portsingress": "",
                "remportsegress": 0,
                "remportsingress": 0,
                "remurl": 0,
                "secdeviceflag": 0,
                "sectype": 0,
                "state": 1,
                "submac": 0,
                "succretry": 0,
                "timeout": 0,
                "type": 0,
                "vlanegress": 0,
                "vlaningress": 0,
                "weight": 0
              }
            ],
            "elements_2": [],
            "elements_3": [],
            "id": "real_server_101102",
            "index": "101102",
            "last_updated": null
          },
          "sensitive_attributes": [],
          "identity_schema_version": 0,
          "private": "bnVsbA=="
        }
      ]
    },
    {
      "mode": "managed",
      "type": "alteon_real_server",
      "name": "real_server_101102_a",
      "provider": "provider[\"registry.terraform.io/radware/alteon\"]",
      "instances": [
        {
          "schema_version": 0,
          "attributes": {
            "elements": [
              {
                "addportsegress": 0,
                "addportsingress": 0,
                "addurl": 0,
                "cookie": 0,
                "copy": "",
                "deletestatus": 0,
                "egressif": 0,
                "excludestr": 0,
                "failretry": 0,
                "idsport": 0,
                "ingport": 0,
                "ingressif": 0,
                "ipaddr": "192.168.101.102",
                "ipv6addr": "",
                "ipver": 4,
                "llbtype": 0,
                "maxconns": 0,
                "name": "",
                "nxtbuddyidx": 0,
                "nxtrportidx": 0,
                "pinginterval": 0,
                "portsegress": "",
                "portsingress": "",
                "remportsegress": 0,
                "remportsingress": 0,
                "remurl": 0,
                "secdeviceflag": 0,
                "sectype": 0,
                "state": 1,
                "submac": 0,
                "succretry": 0,
                "timeout": 0,
                "type": 0,
                "vlanegress": 0,
                "vlaningress": 0,
                "weight": 0
              }
            ],
            "elements_2": [],
            "elements_3": [],
            "id": "real_server_101102_a",
            "index": "101102-a",
            "last_updated": null
          },
          "sensitive_attributes": [],
          "identity_schema_version": 0,
          "private": "bnVsbA=="
        }
      ]
    },
    {
      "mode": "managed",
      "type": "alteon_real_server",
      "name": "real_server_101102_b",
      "provider": "provider[\"registry.terraform.io/radware/alteon\"]",
      "instances": [
        {
          "schema_version": 0,
          "attributes": {
            "elements": [
              {
                "addportsegress": 0,
                "addportsingress": 0,
                "addurl": 0,
                "cookie": 0,
                "copy": "",
                "deletestatus": 0,
                "egressif": 0,
                "excludestr": 0,
                "failretry": 0,
                "idsport": 0,
                "ingport": 0,
                "ingressif": 0,
                "ipaddr": "192.168.101.102",
                "ipv6addr": "",
                "ipver": 4,
                "llbtype": 0,
                "maxconns": 0,
                "name": "",
                "nxtbuddyidx": 0,
                "nxtrportidx": 0,
                "pinginterval": 0,
                "portsegress": "",
                "portsingress": "",
                "remportsegress": 0,
                "remportsingress": 0,
                "remurl": 0,
                "secdeviceflag": 0,
                "sectype": 0,
                "state": 1,
                "submac": 0,
                "succretry": 0,
                "timeout": 0,
                "type": 0,
                "vlanegress": 0,
                "vlaningress": 0,
                "weight": 0
              }
            ],
            "elements_2": [],
            "elements_3": [],
            "id": "real_server_101102_b",
            "index": "101102-b",
            "last_updated": null
          },
          "sensitive_attributes": [],
          "identity_schema_version": 0,
          "private": "bnVsbA=="
        }
      ]
    },
    {
      "mode": "managed",
      "type": "alteon_real_server",
      "name": "real_server_101103",
      "provider": "provider[\"registry.terraform.io/radware/alteon\"]",
      "instances": [
        {
          "schema_version": 0,
          "attributes": {
            "elements": [
              {
                "addportsegress": 0,
                "addportsingress": 0,
                "addurl": 0,
                "cookie": 0,
                "copy": "",
                "deletestatus": 0,
                "egressif": 0,
                "excludestr": 0,
                "failretry": 0,
                "idsport": 0,
                "ingport": 0,
                "ingressif": 0,
                "ipaddr": "192.168.101.103",
                "ipv6addr": "",
                "ipver": 4,
                "llbtype": 0,
                "maxconns": 0,
                "name": "",
                "nxtbuddyidx": 0,
                "nxtrportidx": 0,
                "pinginterval": 0,
                "portsegress": "",
                "portsingress": "",
                "remportsegress": 0,
                "remportsingress": 0,
                "remurl": 0,
                "secdeviceflag": 0,
                "sectype": 0,
                "state": 1,
                "submac": 0,
                "succretry": 0,
                "timeout": 0,
                "type": 0,
                "vlanegress": 0,
                "vlaningress": 0,
                "weight": 0
              }
            ],
            "elements_2": [],
            "elements_3": [],
            "id": "real_server_101103",
            "index": "101103",
            "last_updated": null
          },
          "sensitive_attributes": [],
          "identity_schema_version": 0,
          "private": "bnVsbA=="
        }
      ]
    }
  ],
  "check_results": null
}
